<?xml version="1.0" encoding="utf-8"?>
<Project ToolsVersion="4.0" xmlns="http://schemas.microsoft.com/developer/msbuild/2003">
  <ItemGroup>
    <Filter Include="Source Files">
      <UniqueIdentifier>{ac54a884-4290-4a60-aa3b-a35f55c48248}</UniqueIdentifier>
      <Extensions>cpp;c;cxx;def;odl;idl;hpj;bat;asm</Extensions>
    </Filter>
    <Filter Include="Header Files">
      <UniqueIdentifier>{331d9e3c-c850-4516-a7ad-36f0bd6ca8b0}</UniqueIdentifier>
      <Extensions>h;hpp;hxx;hm;inl;inc</Extensions>
    </Filter>
  </ItemGroup>
  <ItemGroup>
    <ClCompile Include="..\advection_c.c">
      <Filter>Source Files</Filter>
    </ClCompile>
    <ClCompile Include="..\advection_cpp.cpp">
      <Filter>Source Files</Filter>
    </ClCompile>
    <ClCompile Include="..\main.cpp">
      <Filter>Source Files</Filter>
    </ClCompile>
    <ClCompile Include="..\species_c.c">
      <Filter>Source Files</Filter>
    </ClCompile>
    <ClCompile Include="..\species_cpp.cpp">
      <Filter>Source Files</Filter>
    </ClCompile>
  </ItemGroup>
  <ItemGroup>
    <ClInclude Include="..\..\IrmResult.h">
      <Filter>Header Files</Filter>
    </ClInclude>
    <ClInclude Include="..\..\PhreeqcRM.h">
      <Filter>Header Files</Filter>
    </ClInclude>
    <ClInclude Include="..\..\RM_interface_C.h">
      <Filter>Header Files</Filter>
    </ClInclude>
    <ClInclude Include="..\..\RM_interface_F.h">
      <Filter>Header Files</Filter>
    </ClInclude>
  </ItemGroup>
</Project>